{
  "name": "polyglot-container-mcp",
  "version": "1.0.0",
  "lockfileVersion": 3,
  "requires": true,
  "packages": {
    "": {
      "name": "polyglot-container-mcp",
      "version": "1.0.0",
      "devDependencies": {
        "rescript": "^12.0.1"
      }
    },
    "node_modules/@rescript/darwin-arm64": {
      "version": "12.0.1",
      "resolved": "https://registry.npmjs.org/@rescript/darwin-arm64/-/darwin-arm64-12.0.1.tgz",
      "integrity": "sha512-JJddiKKfOSc9X+2rt6IrbEUlOBaIfgjkWzCN986czZ5YV4lh3jysPVk6EQHaip2ibPkwf/nLv6Pin4t+XmdqLQ==",
      "cpu": [
        "arm64"
      ],
      "dev": true,
      "optional": true,
      "os": [
        "darwin"
      ],
      "engines": {
        "node": ">=20.11.0"
      }
    },
    "node_modules/@rescript/darwin-x64": {
      "version": "12.0.1",
      "resolved": "https://registry.npmjs.org/@rescript/darwin-x64/-/darwin-x64-12.0.1.tgz",
      "integrity": "sha512-tZSeHr9MQ90oKULDIn9ugvP08eLCflH2uO02iF7z1i8RshPrfD36qFiPOn4WxzcSJuqynffNLEgeWYrnPiZ0JQ==",
      "cpu": [
        "x64"
      ],
      "dev": true,
      "optional": true,
      "os": [
        "darwin"
      ],
      "engines": {
        "node": ">=20.11.0"
      }
    },
    "node_modules/@rescript/linux-arm64": {
      "version": "12.0.1",
      "resolved": "https://registry.npmjs.org/@rescript/linux-arm64/-/linux-arm64-12.0.1.tgz",
      "integrity": "sha512-V/xnkFgEvSRMlyT1XCptnWWXgySFR9aKdja74VeDyEGLc6MGmi8zopxUUFcwCQXxV/zPAFkIxjz8xMY0SBCAmQ==",
      "cpu": [
        "arm64"
      ],
      "dev": true,
      "optional": true,
      "os": [
        "linux"
      ],
      "engines": {
        "node": ">=20.11.0"
      }
    },
    "node_modules/@rescript/linux-x64": {
      "version": "12.0.1",
      "resolved": "https://registry.npmjs.org/@rescript/linux-x64/-/linux-x64-12.0.1.tgz",
      "integrity": "sha512-WpVBjAvLsKATOJTckI6PDf4IFnHHxwsSVtklC+XAXbwqHLP1gqDDuVcykOOIWexxepod+QvBvEZGjzNPJ5L8gA==",
      "cpu": [
        "x64"
      ],
      "dev": true,
      "optional": true,
      "os": [
        "linux"
      ],
      "engines": {
        "node": ">=20.11.0"
      }
    },
    "node_modules/@rescript/runtime": {
      "version": "12.0.1",
      "resolved": "https://registry.npmjs.org/@rescript/runtime/-/runtime-12.0.1.tgz",
      "integrity": "sha512-pMoWvllPFK0cl87vMYBVvll+DaAdPAsRuLIIJa+Q8LMhcS7cqpaZVflU3LbH+U/kv3vWaUYIfLBObwGnXw/CDg==",
      "dev": true
    },
    "node_modules/@rescript/win32-x64": {
      "version": "12.0.1",
      "resolved": "https://registry.npmjs.org/@rescript/win32-x64/-/win32-x64-12.0.1.tgz",
      "integrity": "sha512-Hv6nwb6A94qtj6b4PcIsmoWhLIcLt6wLuHpD9YNxj4/d9FkrHM/yj9ZKhKan/9rfg4wkHl1cZE898AZe/nWq9g==",
      "cpu": [
        "x64"
      ],
      "dev": true,
      "optional": true,
      "os": [
        "win32"
      ],
      "engines": {
        "node": ">=20.11.0"
      }
    },
    "node_modules/rescript": {
      "version": "12.0.1",
      "resolved": "https://registry.npmjs.org/rescript/-/rescript-12.0.1.tgz",
      "integrity": "sha512-59JyEUyLj+IPd9VutAXpBXRGqaeaHCMtvACJNAy/oI1hjpjklQ2UJE07oLhxoWB4SDZrCxzowNUpE46UAgjOXg==",
      "dev": true,
      "license": "SEE LICENSE IN LICENSE",
      "workspaces": [
        "packages/playground",
        "packages/@rescript/*",
        "tests/dependencies/**",
        "tests/analysis_tests/**",
        "tests/docstring_tests",
        "tests/gentype_tests/**",
        "tests/tools_tests",
        "scripts/res"
      ],
      "dependencies": {
        "@rescript/runtime": "12.0.1"
      },
      "bin": {
        "bsc": "cli/bsc.js",
        "bstracing": "cli/bstracing.js",
        "rescript": "cli/rescript.js",
        "rescript-legacy": "cli/rescript-legacy.js",
        "rescript-tools": "cli/rescript-tools.js"
      },
      "engines": {
        "node": ">=20.11.0"
      },
      "optionalDependencies": {
        "@rescript/darwin-arm64": "12.0.1",
        "@rescript/darwin-x64": "12.0.1",
        "@rescript/linux-arm64": "12.0.1",
        "@rescript/linux-x64": "12.0.1",
        "@rescript/win32-x64": "12.0.1"
      }
    }
  }
}
